github.com/go-sql-driver/mysql v1.5.0 h1:ozyZYNQW3x3HtqT1jira07DN2PArx2v7/mN66gGcHOs=
github.com/go-sql-driver/mysql v1.5.0/go.mod h1:DCzpHaOWr8IXmIStZouvnhqoel9Qv2LBy8hT2VhHyBg=
github.com/gurbos/tcmodels v1.2.0-beta h1:mOc3IIshafrWjcYV7YkaMCTiCqdkQNQFe7xj+ZLUJ6s=
github.com/gurbos/tcmodels v1.2.0-beta/go.mod h1:Uc5nRhWVPv/vNTQihYGC0UOl2unHLDvwUPZbL4NtOuo=
github.com/gurbos/tcmodels v1.2.1-beta h1:n6IxRYPWt4HVvBak3loEHhASq7DVvT4+ZTXtMYq7MfE=
github.com/gurbos/tcmodels v1.2.1-beta/go.mod h1:Uc5nRhWVPv/vNTQihYGC0UOl2unHLDvwUPZbL4NtOuo=
github.com/gurbos/tcmodels v1.2.2-beta h1:fx7YgYP/pzx2K0pdHpJZowX4gU1L5n82e4MCaN1Afsc=
github.com/gurbos/tcmodels v1.2.2-beta/go.mod h1:Uc5nRhWVPv/vNTQihYGC0UOl2unHLDvwUPZbL4NtOuo=
github.com/gurbos/tcmodels v1.3.2-beta h1:tmsE1OD68MX9JzXnirrS8vQg3XWU/OvW/VPpuWbUcok=
github.com/gurbos/tcmodels v1.3.2-beta/go.mod h1:Uc5nRhWVPv/vNTQihYGC0UOl2unHLDvwUPZbL4NtOuo=
github.com/gurbos/tcmodels v1.4.3-beta h1:W+kFNZyLV9sI4KW09FWM/7pk07Hf7GgFUY9lZuciCbQ=
github.com/gurbos/tcmodels v1.4.3-beta/go.mod h1:Uc5nRhWVPv/vNTQihYGC0UOl2unHLDvwUPZbL4NtOuo=
github.com/jinzhu/inflection v1.0.0 h1:K317FqzuhWc8YvSVlFMCCUb36O/S9MCKRDI7QkRKD/E=
github.com/jinzhu/inflection v1.0.0/go.mod h1:h+uFLlag+Qp1Va5pdKtLDYj+kHp5pxUVkryuEj+Srlc=
github.com/jinzhu/now v1.1.1 h1:g39TucaRWyV3dwDO++eEc6qf8TVIQ/Da48WmqjZ3i7E=
github.com/jinzhu/now v1.1.1/go.mod h1:d3SSVoowX0Lcu0IBviAWJpolVfI5UJVZZ7cO71lE/z8=
github.com/joho/godotenv v1.3.0 h1:Zjp+RcGpHhGlrMbJzXTrZZPrWj+1vfm90La1wgB6Bhc=
github.com/joho/godotenv v1.3.0/go.mod h1:7hK45KPybAkOC6peb+G5yklZfMxEjkZhHbwpqxOKXbg=
gorm.io/driver/mysql v1.0.4 h1:TATTzt+kR+IV0+h3iUB3dHUe8omCvQ0rOkmfCsUBohk=
gorm.io/driver/mysql v1.0.4/go.mod h1:MEgp8tk2n60cSBCq5iTcPDw3ns8Gs+zOva9EUhkknTs=
gorm.io/driver/mysql v1.0.5 h1:WAAmvLK2rG0tCOqrf5XcLi2QUwugd4rcVJ/W3aoon9o=
gorm.io/driver/mysql v1.0.5/go.mod h1:N1OIhHAIhx5SunkMGqWbGFVeh4yTNWKmMo1GOAsohLI=
gorm.io/gorm v1.20.12 h1:ebZ5KrSHzet+sqOCVdH9mTjW91L298nX3v5lVxAzSUY=
gorm.io/gorm v1.20.12/go.mod h1:0HFTzE/SqkGTzK6TlDPPQbAYCluiVvhzoA1+aVyzenw=
gorm.io/gorm v1.21.1 h1:ACwUZ+jzH8eG8zxgqTnMIdgWd+lGfCKZTUxL/uQ1ZQo=
gorm.io/gorm v1.21.1/go.mod h1:0HFTzE/SqkGTzK6TlDPPQbAYCluiVvhzoA1+aVyzenw=
gorm.io/gorm v1.21.3 h1:qDFi55ZOsjZTwk5eN+uhAmHi8GysJ/qCTichM/yO7ME=
gorm.io/gorm v1.21.3/go.mod h1:0HFTzE/SqkGTzK6TlDPPQbAYCluiVvhzoA1+aVyzenw=
